NeoBundleLock FastFold 664c576930114cda993c88eb493285e2464eb83f
NeoBundleLock accelerated-smooth-scroll 04944ea4831f5d31f776cb8cd627601ddb567fc2
NeoBundleLock clever-f.vim 792b761dedace1e3ddac706e0f0dc38b634ed158
NeoBundleLock lightline.vim 6ed9073e2d083b8e72af2fa40e2cce2bb1ea3be7
NeoBundleLock neobundle.vim 30c40ccbfc6371fb922eece6e0657eb5da9e479b
NeoBundleLock neocomplete.vim 38f6f183edc665b8c9f52dd1546dae2c4cc7e29c
NeoBundleLock nerdtree 2e2b649232d6ae4d02d74793e5da0ee08480ad8d
NeoBundleLock open-browser.vim e2bfabfc758351ee3087d4c697d1953660d943ee
NeoBundleLock previm b5dba0837b464063284a8a97e7b9e5e378db545c
NeoBundleLock syntastic 663fea9dc9371d574f1a4a6ba15cc9e60ebbe510
NeoBundleLock vim-cursorword 43ff22c88388d3e92a89c9bf7ab90c75aec37583
NeoBundleLock vim-markdown a3169545f330ec8080244c3ad755bb2211eca8a0
